
Microsoft Visual Studio Solution File, Format Version 12.00
# Visual Studio 15
VisualStudioVersion = 15.0.28307.1259
MinimumVisualStudioVersion = 10.0.40219.1
Project("{FAE04EC0-301F-11D3-BF4B-00C04F79EFBC}") = "Csh012", "Csh012\Csh012.csproj", "{4AA72708-C671-4A38-AC0D-50D1A1C2B39A}"
EndProject
Global
	GlobalSection(SolutionConfigurationPlatforms) = preSolution
		Debug|Any CPU = Debug|Any CPU
		Release|Any CPU = Release|Any CPU
	EndGlobalSection
	GlobalSection(ProjectConfigurationPlatforms) = postSolution
		{4AA72708-C671-4A38-AC0D-50D1A1C2B39A}.Debug|Any CPU.ActiveCfg = Debug|Any CPU
		{4AA72708-C671-4A38-AC0D-50D1A1C2B39A}.Debug|Any CPU.Build.0 = Debug|Any CPU
		{4AA72708-C671-4A38-AC0D-50D1A1C2B39A}.Release|Any CPU.ActiveCfg = Release|Any CPU
		{4AA72708-C671-4A38-AC0D-50D1A1C2B39A}.Release|Any CPU.Build.0 = Release|Any CPU
	EndGlobalSection
	GlobalSection(SolutionProperties) = preSolution
		HideSolutionNode = FALSE
	EndGlobalSection
	GlobalSection(ExtensibilityGlobals) = postSolution
		SolutionGuid = {C252B11A-D774-465E-B7A3-5B10AD89AEFE}
	EndGlobalSection
EndGlobal
