
Microsoft Visual Studio Solution File, Format Version 12.00
# Visual Studio 15
VisualStudioVersion = 15.0.28307.1259
MinimumVisualStudioVersion = 10.0.40219.1
Project("{FAE04EC0-301F-11D3-BF4B-00C04F79EFBC}") = "Csh001", "Csh001\Csh001.csproj", "{5B17C89B-E325-4CAA-B0B5-8E96CC186349}"
EndProject
Global
	GlobalSection(SolutionConfigurationPlatforms) = preSolution
		Debug|Any CPU = Debug|Any CPU
		Release|Any CPU = Release|Any CPU
	EndGlobalSection
	GlobalSection(ProjectConfigurationPlatforms) = postSolution
		{5B17C89B-E325-4CAA-B0B5-8E96CC186349}.Debug|Any CPU.ActiveCfg = Debug|Any CPU
		{5B17C89B-E325-4CAA-B0B5-8E96CC186349}.Debug|Any CPU.Build.0 = Debug|Any CPU
		{5B17C89B-E325-4CAA-B0B5-8E96CC186349}.Release|Any CPU.ActiveCfg = Release|Any CPU
		{5B17C89B-E325-4CAA-B0B5-8E96CC186349}.Release|Any CPU.Build.0 = Release|Any CPU
	EndGlobalSection
	GlobalSection(SolutionProperties) = preSolution
		HideSolutionNode = FALSE
	EndGlobalSection
	GlobalSection(ExtensibilityGlobals) = postSolution
		SolutionGuid = {58E09898-669D-4BD3-8CA7-F7B3784C2D69}
	EndGlobalSection
EndGlobal
