
Microsoft Visual Studio Solution File, Format Version 12.00
# Visual Studio 15
VisualStudioVersion = 15.0.28307.1259
MinimumVisualStudioVersion = 10.0.40219.1
Project("{FAE04EC0-301F-11D3-BF4B-00C04F79EFBC}") = "Csh010", "Csh010\Csh010.csproj", "{EAC32013-A8E6-4DAC-B00C-9EAD240D2899}"
EndProject
Global
	GlobalSection(SolutionConfigurationPlatforms) = preSolution
		Debug|Any CPU = Debug|Any CPU
		Release|Any CPU = Release|Any CPU
	EndGlobalSection
	GlobalSection(ProjectConfigurationPlatforms) = postSolution
		{EAC32013-A8E6-4DAC-B00C-9EAD240D2899}.Debug|Any CPU.ActiveCfg = Debug|Any CPU
		{EAC32013-A8E6-4DAC-B00C-9EAD240D2899}.Debug|Any CPU.Build.0 = Debug|Any CPU
		{EAC32013-A8E6-4DAC-B00C-9EAD240D2899}.Release|Any CPU.ActiveCfg = Release|Any CPU
		{EAC32013-A8E6-4DAC-B00C-9EAD240D2899}.Release|Any CPU.Build.0 = Release|Any CPU
	EndGlobalSection
	GlobalSection(SolutionProperties) = preSolution
		HideSolutionNode = FALSE
	EndGlobalSection
	GlobalSection(ExtensibilityGlobals) = postSolution
		SolutionGuid = {E0DA821C-2CD9-45AB-8150-E3302E91FB7F}
	EndGlobalSection
EndGlobal
