
Microsoft Visual Studio Solution File, Format Version 12.00
# Visual Studio 15
VisualStudioVersion = 15.0.28307.1259
MinimumVisualStudioVersion = 10.0.40219.1
Project("{FAE04EC0-301F-11D3-BF4B-00C04F79EFBC}") = "Csh006", "Csh006\Csh006.csproj", "{219322EE-621A-4A86-93B0-E40B1271706D}"
EndProject
Global
	GlobalSection(SolutionConfigurationPlatforms) = preSolution
		Debug|Any CPU = Debug|Any CPU
		Release|Any CPU = Release|Any CPU
	EndGlobalSection
	GlobalSection(ProjectConfigurationPlatforms) = postSolution
		{219322EE-621A-4A86-93B0-E40B1271706D}.Debug|Any CPU.ActiveCfg = Debug|Any CPU
		{219322EE-621A-4A86-93B0-E40B1271706D}.Debug|Any CPU.Build.0 = Debug|Any CPU
		{219322EE-621A-4A86-93B0-E40B1271706D}.Release|Any CPU.ActiveCfg = Release|Any CPU
		{219322EE-621A-4A86-93B0-E40B1271706D}.Release|Any CPU.Build.0 = Release|Any CPU
	EndGlobalSection
	GlobalSection(SolutionProperties) = preSolution
		HideSolutionNode = FALSE
	EndGlobalSection
	GlobalSection(ExtensibilityGlobals) = postSolution
		SolutionGuid = {1E9C3990-ECF1-484B-91C9-32A6D74FC413}
	EndGlobalSection
EndGlobal
